
Microsoft Visual Studio Solution File, Format Version 12.00
# Visual Studio 15
VisualStudioVersion = 15.0.27004.2002
MinimumVisualStudioVersion = 10.0.40219.1
Project("{FAE04EC0-301F-11D3-BF4B-00C04F79EFBC}") = "StockExchange", "StockExchange\StockExchange.csproj", "{688390A8-CDE0-423D-BFE9-5D01EE444E49}"
EndProject
Global
	GlobalSection(SolutionConfigurationPlatforms) = preSolution
		Debug|Any CPU = Debug|Any CPU
		Release|Any CPU = Release|Any CPU
	EndGlobalSection
	GlobalSection(ProjectConfigurationPlatforms) = postSolution
		{688390A8-CDE0-423D-BFE9-5D01EE444E49}.Debug|Any CPU.ActiveCfg = Debug|Any CPU
		{688390A8-CDE0-423D-BFE9-5D01EE444E49}.Debug|Any CPU.Build.0 = Debug|Any CPU
		{688390A8-CDE0-423D-BFE9-5D01EE444E49}.Release|Any CPU.ActiveCfg = Release|Any CPU
		{688390A8-CDE0-423D-BFE9-5D01EE444E49}.Release|Any CPU.Build.0 = Release|Any CPU
	EndGlobalSection
	GlobalSection(SolutionProperties) = preSolution
		HideSolutionNode = FALSE
	EndGlobalSection
	GlobalSection(ExtensibilityGlobals) = postSolution
		SolutionGuid = {C7FE1BD9-0770-45AC-A48B-EF40FA4E6C8A}
	EndGlobalSection
EndGlobal
